#
# This file is autogenerated by pip-compile with Python 3.12
# by the following command:
#
#    pip-compile --output-file=requirements.lock pyproject.toml
#
attrs==26.1.0
    # via
    #   jsonschema
    #   referencing
click==8.4.1
    # via intentspec (pyproject.toml)
jsonschema==4.26.0
    # via intentspec (pyproject.toml)
jsonschema-specifications==2025.9.1
    # via jsonschema
pyyaml==6.0.3
    # via intentspec (pyproject.toml)
referencing==0.37.0
    # via
    #   jsonschema
    #   jsonschema-specifications
rpds-py==2026.5.1
    # via
    #   jsonschema
    #   referencing
typing-extensions==4.15.0
    # via referencing
